
Microsoft Visual Studio Solution File, Format Version 12.00
# Visual Studio Version 17
VisualStudioVersion = 17.8.34525.116
MinimumVisualStudioVersion = 10.0.40219.1
Project("{FAE04EC0-301F-11D3-BF4B-00C04F79EFBC}") = "RealEstate_Dapper_Api", "RealEstate_Dapper_Api\RealEstate_Dapper_Api.csproj", "{EB31DCE2-7035-4BD6-8106-4422B969C733}"
EndProject
Project("{FAE04EC0-301F-11D3-BF4B-00C04F79EFBC}") = "RealEstate_Dapper_UI", "RealEstate_Dapper_UI\RealEstate_Dapper_UI.csproj", "{5648F529-ED59-4BE4-82D2-838D89F4A198}"
EndProject
Global
	GlobalSection(SolutionConfigurationPlatforms) = preSolution
		Debug|Any CPU = Debug|Any CPU
		Release|Any CPU = Release|Any CPU
	EndGlobalSection
	GlobalSection(ProjectConfigurationPlatforms) = postSolution
		{EB31DCE2-7035-4BD6-8106-4422B969C733}.Debug|Any CPU.ActiveCfg = Debug|Any CPU
		{EB31DCE2-7035-4BD6-8106-4422B969C733}.Debug|Any CPU.Build.0 = Debug|Any CPU
		{EB31DCE2-7035-4BD6-8106-4422B969C733}.Release|Any CPU.ActiveCfg = Release|Any CPU
		{EB31DCE2-7035-4BD6-8106-4422B969C733}.Release|Any CPU.Build.0 = Release|Any CPU
		{5648F529-ED59-4BE4-82D2-838D89F4A198}.Debug|Any CPU.ActiveCfg = Debug|Any CPU
		{5648F529-ED59-4BE4-82D2-838D89F4A198}.Debug|Any CPU.Build.0 = Debug|Any CPU
		{5648F529-ED59-4BE4-82D2-838D89F4A198}.Release|Any CPU.ActiveCfg = Release|Any CPU
		{5648F529-ED59-4BE4-82D2-838D89F4A198}.Release|Any CPU.Build.0 = Release|Any CPU
	EndGlobalSection
	GlobalSection(SolutionProperties) = preSolution
		HideSolutionNode = FALSE
	EndGlobalSection
	GlobalSection(ExtensibilityGlobals) = postSolution
		SolutionGuid = {4AFBDB4C-40F7-4CC3-AFB3-F41D146E8A05}
	EndGlobalSection
EndGlobal
